
Microsoft Visual Studio Solution File, Format Version 12.00
# Visual Studio 14
VisualStudioVersion = 14.0.25420.1
MinimumVisualStudioVersion = 10.0.40219.1
Project("{FAE04EC0-301F-11D3-BF4B-00C04F79EFBC}") = "switch-case", "switch-case\switch-case.csproj", "{CBAB7D88-3BF1-49A0-B9EC-751C5C64D185}"
EndProject
Global
	GlobalSection(SolutionConfigurationPlatforms) = preSolution
		Debug|Any CPU = Debug|Any CPU
		Release|Any CPU = Release|Any CPU
	EndGlobalSection
	GlobalSection(ProjectConfigurationPlatforms) = postSolution
		{CBAB7D88-3BF1-49A0-B9EC-751C5C64D185}.Debug|Any CPU.ActiveCfg = Debug|Any CPU
		{CBAB7D88-3BF1-49A0-B9EC-751C5C64D185}.Debug|Any CPU.Build.0 = Debug|Any CPU
		{CBAB7D88-3BF1-49A0-B9EC-751C5C64D185}.Release|Any CPU.ActiveCfg = Release|Any CPU
		{CBAB7D88-3BF1-49A0-B9EC-751C5C64D185}.Release|Any CPU.Build.0 = Release|Any CPU
	EndGlobalSection
	GlobalSection(SolutionProperties) = preSolution
		HideSolutionNode = FALSE
	EndGlobalSection
EndGlobal
